{
  "name": "xk6-faker",
  "version": "0.3.0",
  "lockfileVersion": 3,
  "requires": true,
  "packages": {
    "": {
      "name": "xk6-faker",
      "version": "0.3.0",
      "license": "AGPL-3.0-only",
      "devDependencies": {
        "@types/k6": "^0.49.1",
        "k6": "^0.0.0"
      }
    },
    "node_modules/@types/k6": {
      "version": "0.49.3",
      "resolved": "https://registry.npmjs.org/@types/k6/-/k6-0.49.3.tgz",
      "integrity": "sha512-QjRmi2cHt6E5b33pfY6J3QeynuH98bpaV1NVA7qlDXKpKWoFt7mK3n8mw9DjM28125YoKwXbySAQGpOJUTa7Kg==",
      "dev": true,
      "license": "MIT"
    },
    "node_modules/k6": {
      "version": "0.0.0",
      "resolved": "https://registry.npmjs.org/k6/-/k6-0.0.0.tgz",
      "integrity": "sha512-GAQSWayS2+LjbH5bkRi+pMPYyP1JSp7o+4j58ANZ762N/RH/SdlAT3CHHztnn8s/xgg8kYNM24Gd2IPo9b5W+g==",
      "dev": true,
      "license": "AGPL-3.0"
    }
  }
}
